<Solution>
  <Configurations>
    <Platform Name="Any CPU" />
    <Platform Name="x64" />
    <Platform Name="x86" />
  </Configurations>
  <Folder Name="/samples/">
    <Project Path="samples/ElmishCounter/ElmishCounter.fsproj" />
    <Project Path="samples/HelloDsl/HelloDsl.fsproj" />
  </Folder>
  <Folder Name="/Solution Items/">
    <File Path="CLAUDE.md" />
    <File Path="CHANGELOG.md" />
    <File Path="Directory.Build.props" />
    <File Path="Directory.Packages.props" />
    <File Path="dotnet-tools.json" />
    <File Path="LICENSE" />
  </Folder>
  <Folder Name="/src/">
    <Project Path="src/FSharp.Windows.Dsl.Controls/FSharp.Windows.Dsl.Controls.fsproj" />
    <Project Path="src/FSharp.Windows.Dsl.Elmish/FSharp.Windows.Dsl.Elmish.fsproj" />
    <Project Path="src/FSharp.Windows.Dsl/FSharp.Windows.Dsl.fsproj" />
  </Folder>
  <Folder Name="/tests/">
    <Project Path="tests/FSharp.Windows.Dsl.Codegen.Tests/FSharp.Windows.Dsl.Codegen.Tests.fsproj" />
    <Project Path="tests/FSharp.Windows.Dsl.Controls.Tests/FSharp.Windows.Dsl.Controls.Tests.fsproj" />
    <Project Path="tests/FSharp.Windows.Dsl.Tests/FSharp.Windows.Dsl.Tests.fsproj" />
  </Folder>
  <Folder Name="/tools/">
    <Project Path="tools/Codegen/FSharp.Windows.Dsl.Codegen.fsproj" />
  </Folder>
</Solution>
